
Microsoft Visual Studio Solution File, Format Version 12.00
# Visual Studio Version 17
VisualStudioVersion = 17.2.32630.192
MinimumVisualStudioVersion = 10.0.40219.1
Project("{FAE04EC0-301F-11D3-BF4B-00C04F79EFBC}") = "roll_irc", "roll_irc.csproj", "{3A3BE88E-658D-4179-B65A-31244C70679B}"
EndProject
Global
	GlobalSection(SolutionConfigurationPlatforms) = preSolution
		Debug|Any CPU = Debug|Any CPU
		Release|Any CPU = Release|Any CPU
	EndGlobalSection
	GlobalSection(ProjectConfigurationPlatforms) = postSolution
		{3A3BE88E-658D-4179-B65A-31244C70679B}.Debug|Any CPU.ActiveCfg = Debug|Any CPU
		{3A3BE88E-658D-4179-B65A-31244C70679B}.Debug|Any CPU.Build.0 = Debug|Any CPU
		{3A3BE88E-658D-4179-B65A-31244C70679B}.Release|Any CPU.ActiveCfg = Release|Any CPU
		{3A3BE88E-658D-4179-B65A-31244C70679B}.Release|Any CPU.Build.0 = Release|Any CPU
	EndGlobalSection
	GlobalSection(SolutionProperties) = preSolution
		HideSolutionNode = FALSE
	EndGlobalSection
	GlobalSection(ExtensibilityGlobals) = postSolution
		SolutionGuid = {9ECE5F08-FAFB-4FCC-A736-E50A0EFEAB19}
	EndGlobalSection
EndGlobal
